
Microsoft Visual Studio Solution File, Format Version 12.00
# Visual Studio 14
VisualStudioVersion = 14.0.25420.1
MinimumVisualStudioVersion = 10.0.40219.1
Project("{FAE04EC0-301F-11D3-BF4B-00C04F79EFBC}") = "h09t01", "Harjoitukset9\h09t01.csproj", "{DB1A7019-3954-412A-8910-7B062B1F32C5}"
EndProject
Project("{FAE04EC0-301F-11D3-BF4B-00C04F79EFBC}") = "h09t02", "h09t02\h09t02.csproj", "{AF1ADB81-7075-4187-BC24-040297C8BC79}"
EndProject
Project("{FAE04EC0-301F-11D3-BF4B-00C04F79EFBC}") = "h09t03", "h09t03\h09t03.csproj", "{30A4FA4A-5826-4E55-9E5B-940B9C6A9F35}"
EndProject
Project("{FAE04EC0-301F-11D3-BF4B-00C04F79EFBC}") = "h09t04", "h09t04\h09t04.csproj", "{B477B698-4A04-4EFB-A16E-A9B44AE6B77B}"
EndProject
Project("{FAE04EC0-301F-11D3-BF4B-00C04F79EFBC}") = "h09t05", "h09t05\h09t05.csproj", "{9F4F0E5E-A43C-4ABE-B100-C7E4E31B3418}"
EndProject
Project("{FAE04EC0-301F-11D3-BF4B-00C04F79EFBC}") = "h09t06", "h09t06\h09t06.csproj", "{813EA655-40E8-4B49-8223-29EDA98FDEDA}"
EndProject
Global
	GlobalSection(SolutionConfigurationPlatforms) = preSolution
		Debug|ARM = Debug|ARM
		Debug|x64 = Debug|x64
		Debug|x86 = Debug|x86
		Release|ARM = Release|ARM
		Release|x64 = Release|x64
		Release|x86 = Release|x86
	EndGlobalSection
	GlobalSection(ProjectConfigurationPlatforms) = postSolution
		{DB1A7019-3954-412A-8910-7B062B1F32C5}.Debug|ARM.ActiveCfg = Debug|ARM
		{DB1A7019-3954-412A-8910-7B062B1F32C5}.Debug|ARM.Build.0 = Debug|ARM
		{DB1A7019-3954-412A-8910-7B062B1F32C5}.Debug|ARM.Deploy.0 = Debug|ARM
		{DB1A7019-3954-412A-8910-7B062B1F32C5}.Debug|x64.ActiveCfg = Debug|x64
		{DB1A7019-3954-412A-8910-7B062B1F32C5}.Debug|x64.Build.0 = Debug|x64
		{DB1A7019-3954-412A-8910-7B062B1F32C5}.Debug|x64.Deploy.0 = Debug|x64
		{DB1A7019-3954-412A-8910-7B062B1F32C5}.Debug|x86.ActiveCfg = Debug|x86
		{DB1A7019-3954-412A-8910-7B062B1F32C5}.Debug|x86.Build.0 = Debug|x86
		{DB1A7019-3954-412A-8910-7B062B1F32C5}.Debug|x86.Deploy.0 = Debug|x86
		{DB1A7019-3954-412A-8910-7B062B1F32C5}.Release|ARM.ActiveCfg = Release|ARM
		{DB1A7019-3954-412A-8910-7B062B1F32C5}.Release|ARM.Build.0 = Release|ARM
		{DB1A7019-3954-412A-8910-7B062B1F32C5}.Release|ARM.Deploy.0 = Release|ARM
		{DB1A7019-3954-412A-8910-7B062B1F32C5}.Release|x64.ActiveCfg = Release|x64
		{DB1A7019-3954-412A-8910-7B062B1F32C5}.Release|x64.Build.0 = Release|x64
		{DB1A7019-3954-412A-8910-7B062B1F32C5}.Release|x64.Deploy.0 = Release|x64
		{DB1A7019-3954-412A-8910-7B062B1F32C5}.Release|x86.ActiveCfg = Release|x86
		{DB1A7019-3954-412A-8910-7B062B1F32C5}.Release|x86.Build.0 = Release|x86
		{DB1A7019-3954-412A-8910-7B062B1F32C5}.Release|x86.Deploy.0 = Release|x86
		{AF1ADB81-7075-4187-BC24-040297C8BC79}.Debug|ARM.ActiveCfg = Debug|ARM
		{AF1ADB81-7075-4187-BC24-040297C8BC79}.Debug|ARM.Build.0 = Debug|ARM
		{AF1ADB81-7075-4187-BC24-040297C8BC79}.Debug|ARM.Deploy.0 = Debug|ARM
		{AF1ADB81-7075-4187-BC24-040297C8BC79}.Debug|x64.ActiveCfg = Debug|x64
		{AF1ADB81-7075-4187-BC24-040297C8BC79}.Debug|x64.Build.0 = Debug|x64
		{AF1ADB81-7075-4187-BC24-040297C8BC79}.Debug|x64.Deploy.0 = Debug|x64
		{AF1ADB81-7075-4187-BC24-040297C8BC79}.Debug|x86.ActiveCfg = Debug|x86
		{AF1ADB81-7075-4187-BC24-040297C8BC79}.Debug|x86.Build.0 = Debug|x86
		{AF1ADB81-7075-4187-BC24-040297C8BC79}.Debug|x86.Deploy.0 = Debug|x86
		{AF1ADB81-7075-4187-BC24-040297C8BC79}.Release|ARM.ActiveCfg = Release|ARM
		{AF1ADB81-7075-4187-BC24-040297C8BC79}.Release|ARM.Build.0 = Release|ARM
		{AF1ADB81-7075-4187-BC24-040297C8BC79}.Release|ARM.Deploy.0 = Release|ARM
		{AF1ADB81-7075-4187-BC24-040297C8BC79}.Release|x64.ActiveCfg = Release|x64
		{AF1ADB81-7075-4187-BC24-040297C8BC79}.Release|x64.Build.0 = Release|x64
		{AF1ADB81-7075-4187-BC24-040297C8BC79}.Release|x64.Deploy.0 = Release|x64
		{AF1ADB81-7075-4187-BC24-040297C8BC79}.Release|x86.ActiveCfg = Release|x86
		{AF1ADB81-7075-4187-BC24-040297C8BC79}.Release|x86.Build.0 = Release|x86
		{AF1ADB81-7075-4187-BC24-040297C8BC79}.Release|x86.Deploy.0 = Release|x86
		{30A4FA4A-5826-4E55-9E5B-940B9C6A9F35}.Debug|ARM.ActiveCfg = Debug|ARM
		{30A4FA4A-5826-4E55-9E5B-940B9C6A9F35}.Debug|ARM.Build.0 = Debug|ARM
		{30A4FA4A-5826-4E55-9E5B-940B9C6A9F35}.Debug|ARM.Deploy.0 = Debug|ARM
		{30A4FA4A-5826-4E55-9E5B-940B9C6A9F35}.Debug|x64.ActiveCfg = Debug|x64
		{30A4FA4A-5826-4E55-9E5B-940B9C6A9F35}.Debug|x64.Build.0 = Debug|x64
		{30A4FA4A-5826-4E55-9E5B-940B9C6A9F35}.Debug|x64.Deploy.0 = Debug|x64
		{30A4FA4A-5826-4E55-9E5B-940B9C6A9F35}.Debug|x86.ActiveCfg = Debug|x86
		{30A4FA4A-5826-4E55-9E5B-940B9C6A9F35}.Debug|x86.Build.0 = Debug|x86
		{30A4FA4A-5826-4E55-9E5B-940B9C6A9F35}.Debug|x86.Deploy.0 = Debug|x86
		{30A4FA4A-5826-4E55-9E5B-940B9C6A9F35}.Release|ARM.ActiveCfg = Release|ARM
		{30A4FA4A-5826-4E55-9E5B-940B9C6A9F35}.Release|ARM.Build.0 = Release|ARM
		{30A4FA4A-5826-4E55-9E5B-940B9C6A9F35}.Release|ARM.Deploy.0 = Release|ARM
		{30A4FA4A-5826-4E55-9E5B-940B9C6A9F35}.Release|x64.ActiveCfg = Release|x64
		{30A4FA4A-5826-4E55-9E5B-940B9C6A9F35}.Release|x64.Build.0 = Release|x64
		{30A4FA4A-5826-4E55-9E5B-940B9C6A9F35}.Release|x64.Deploy.0 = Release|x64
		{30A4FA4A-5826-4E55-9E5B-940B9C6A9F35}.Release|x86.ActiveCfg = Release|x86
		{30A4FA4A-5826-4E55-9E5B-940B9C6A9F35}.Release|x86.Build.0 = Release|x86
		{30A4FA4A-5826-4E55-9E5B-940B9C6A9F35}.Release|x86.Deploy.0 = Release|x86
		{B477B698-4A04-4EFB-A16E-A9B44AE6B77B}.Debug|ARM.ActiveCfg = Debug|ARM
		{B477B698-4A04-4EFB-A16E-A9B44AE6B77B}.Debug|ARM.Build.0 = Debug|ARM
		{B477B698-4A04-4EFB-A16E-A9B44AE6B77B}.Debug|ARM.Deploy.0 = Debug|ARM
		{B477B698-4A04-4EFB-A16E-A9B44AE6B77B}.Debug|x64.ActiveCfg = Debug|x64
		{B477B698-4A04-4EFB-A16E-A9B44AE6B77B}.Debug|x64.Build.0 = Debug|x64
		{B477B698-4A04-4EFB-A16E-A9B44AE6B77B}.Debug|x64.Deploy.0 = Debug|x64
		{B477B698-4A04-4EFB-A16E-A9B44AE6B77B}.Debug|x86.ActiveCfg = Debug|x86
		{B477B698-4A04-4EFB-A16E-A9B44AE6B77B}.Debug|x86.Build.0 = Debug|x86
		{B477B698-4A04-4EFB-A16E-A9B44AE6B77B}.Debug|x86.Deploy.0 = Debug|x86
		{B477B698-4A04-4EFB-A16E-A9B44AE6B77B}.Release|ARM.ActiveCfg = Release|ARM
		{B477B698-4A04-4EFB-A16E-A9B44AE6B77B}.Release|ARM.Build.0 = Release|ARM
		{B477B698-4A04-4EFB-A16E-A9B44AE6B77B}.Release|ARM.Deploy.0 = Release|ARM
		{B477B698-4A04-4EFB-A16E-A9B44AE6B77B}.Release|x64.ActiveCfg = Release|x64
		{B477B698-4A04-4EFB-A16E-A9B44AE6B77B}.Release|x64.Build.0 = Release|x64
		{B477B698-4A04-4EFB-A16E-A9B44AE6B77B}.Release|x64.Deploy.0 = Release|x64
		{B477B698-4A04-4EFB-A16E-A9B44AE6B77B}.Release|x86.ActiveCfg = Release|x86
		{B477B698-4A04-4EFB-A16E-A9B44AE6B77B}.Release|x86.Build.0 = Release|x86
		{B477B698-4A04-4EFB-A16E-A9B44AE6B77B}.Release|x86.Deploy.0 = Release|x86
		{9F4F0E5E-A43C-4ABE-B100-C7E4E31B3418}.Debug|ARM.ActiveCfg = Debug|ARM
		{9F4F0E5E-A43C-4ABE-B100-C7E4E31B3418}.Debug|ARM.Build.0 = Debug|ARM
		{9F4F0E5E-A43C-4ABE-B100-C7E4E31B3418}.Debug|ARM.Deploy.0 = Debug|ARM
		{9F4F0E5E-A43C-4ABE-B100-C7E4E31B3418}.Debug|x64.ActiveCfg = Debug|x64
		{9F4F0E5E-A43C-4ABE-B100-C7E4E31B3418}.Debug|x64.Build.0 = Debug|x64
		{9F4F0E5E-A43C-4ABE-B100-C7E4E31B3418}.Debug|x64.Deploy.0 = Debug|x64
		{9F4F0E5E-A43C-4ABE-B100-C7E4E31B3418}.Debug|x86.ActiveCfg = Debug|x86
		{9F4F0E5E-A43C-4ABE-B100-C7E4E31B3418}.Debug|x86.Build.0 = Debug|x86
		{9F4F0E5E-A43C-4ABE-B100-C7E4E31B3418}.Debug|x86.Deploy.0 = Debug|x86
		{9F4F0E5E-A43C-4ABE-B100-C7E4E31B3418}.Release|ARM.ActiveCfg = Release|ARM
		{9F4F0E5E-A43C-4ABE-B100-C7E4E31B3418}.Release|ARM.Build.0 = Release|ARM
		{9F4F0E5E-A43C-4ABE-B100-C7E4E31B3418}.Release|ARM.Deploy.0 = Release|ARM
		{9F4F0E5E-A43C-4ABE-B100-C7E4E31B3418}.Release|x64.ActiveCfg = Release|x64
		{9F4F0E5E-A43C-4ABE-B100-C7E4E31B3418}.Release|x64.Build.0 = Release|x64
		{9F4F0E5E-A43C-4ABE-B100-C7E4E31B3418}.Release|x64.Deploy.0 = Release|x64
		{9F4F0E5E-A43C-4ABE-B100-C7E4E31B3418}.Release|x86.ActiveCfg = Release|x86
		{9F4F0E5E-A43C-4ABE-B100-C7E4E31B3418}.Release|x86.Build.0 = Release|x86
		{9F4F0E5E-A43C-4ABE-B100-C7E4E31B3418}.Release|x86.Deploy.0 = Release|x86
		{813EA655-40E8-4B49-8223-29EDA98FDEDA}.Debug|ARM.ActiveCfg = Debug|ARM
		{813EA655-40E8-4B49-8223-29EDA98FDEDA}.Debug|ARM.Build.0 = Debug|ARM
		{813EA655-40E8-4B49-8223-29EDA98FDEDA}.Debug|ARM.Deploy.0 = Debug|ARM
		{813EA655-40E8-4B49-8223-29EDA98FDEDA}.Debug|x64.ActiveCfg = Debug|x64
		{813EA655-40E8-4B49-8223-29EDA98FDEDA}.Debug|x64.Build.0 = Debug|x64
		{813EA655-40E8-4B49-8223-29EDA98FDEDA}.Debug|x64.Deploy.0 = Debug|x64
		{813EA655-40E8-4B49-8223-29EDA98FDEDA}.Debug|x86.ActiveCfg = Debug|x86
		{813EA655-40E8-4B49-8223-29EDA98FDEDA}.Debug|x86.Build.0 = Debug|x86
		{813EA655-40E8-4B49-8223-29EDA98FDEDA}.Debug|x86.Deploy.0 = Debug|x86
		{813EA655-40E8-4B49-8223-29EDA98FDEDA}.Release|ARM.ActiveCfg = Release|ARM
		{813EA655-40E8-4B49-8223-29EDA98FDEDA}.Release|ARM.Build.0 = Release|ARM
		{813EA655-40E8-4B49-8223-29EDA98FDEDA}.Release|ARM.Deploy.0 = Release|ARM
		{813EA655-40E8-4B49-8223-29EDA98FDEDA}.Release|x64.ActiveCfg = Release|x64
		{813EA655-40E8-4B49-8223-29EDA98FDEDA}.Release|x64.Build.0 = Release|x64
		{813EA655-40E8-4B49-8223-29EDA98FDEDA}.Release|x64.Deploy.0 = Release|x64
		{813EA655-40E8-4B49-8223-29EDA98FDEDA}.Release|x86.ActiveCfg = Release|x86
		{813EA655-40E8-4B49-8223-29EDA98FDEDA}.Release|x86.Build.0 = Release|x86
		{813EA655-40E8-4B49-8223-29EDA98FDEDA}.Release|x86.Deploy.0 = Release|x86
	EndGlobalSection
	GlobalSection(SolutionProperties) = preSolution
		HideSolutionNode = FALSE
	EndGlobalSection
EndGlobal
